{
  "name": "myapp",
  "version": "1.0.0",
  "lockfileVersion": 3,
  "requires": true,
  "packages": {
    "": {
      "name": "myapp",
      "version": "1.0.0",
      "license": "ISC",
      "dependencies": {
        "@lpkyrius/fluentsql": "^2.0.0"
      }
    },
    "node_modules/@lpkyrius/fluentsql": {
      "version": "2.0.0",
      "resolved": "https://registry.npmjs.org/@lpkyrius/fluentsql/-/fluentsql-2.0.0.tgz",
      "integrity": "sha512-LQuFA3c4ZAzX+6mD+sdxH0byXrpW/ckeKQE8T8YeTfl7+te2QURjH4B3o65IEaFaz05Fl3mBYnM77COOTMZ0/g=="
    }
  }
}
