{
  "name": "04-npm-workspaces",
  "version": "1.0.0",
  "lockfileVersion": 3,
  "requires": true,
  "packages": {
    "": {
      "name": "04-npm-workspaces",
      "version": "1.0.0",
      "license": "ISC",
      "dependencies": {
        "@lpkyrius/data-util": "^1.0.0"
      }
    },
    "node_modules/@lpkyrius/data-util": {
      "version": "1.0.0",
      "resolved": "http://localhost:4873/@lpkyrius/data-util/-/data-util-1.0.0.tgz",
      "integrity": "sha512-1nzq3hWOiK2fKwMmWZVJWdovtK4znRLnouKJTDyCnXvjS7xarfIngxg+YmFaOpYeKwybb4nqr8RSpbz3uCN2gQ==",
      "dependencies": {
        "@lpkyrius/string-util": "^1.0.0"
      }
    },
    "node_modules/@lpkyrius/string-util": {
      "version": "1.0.0",
      "resolved": "http://localhost:4873/@lpkyrius/string-util/-/string-util-1.0.0.tgz",
      "integrity": "sha512-SkcS2yo0O3r5zJ2/LcuPzt8Jkc0PgDLQC0cyn/3jQBZzEdmbMUDL5281PFhx3x2OPV4PiQm45d1t779oTiO6xg=="
    }
  }
}
